
Microsoft Visual Studio Solution File, Format Version 12.00
# Visual Studio Version 17
VisualStudioVersion = 17.0.31903.59
MinimumVisualStudioVersion = 10.0.40219.1
Project("{F2A71F9B-5D33-465A-A702-920D77279786}") = "LocalNetwork", "LocalNetwork\LocalNetwork.fsproj", "{0FB85160-17C8-45E0-AE5A-E4D65EA7DF7F}"
EndProject
Project("{F2A71F9B-5D33-465A-A702-920D77279786}") = "LocalNetwork.Tests", "LocalNetwork.Tests\LocalNetwork.Tests.fsproj", "{F8A75653-3CDE-4586-8FAD-868E24637E7B}"
EndProject
Global
	GlobalSection(SolutionConfigurationPlatforms) = preSolution
		Debug|Any CPU = Debug|Any CPU
		Release|Any CPU = Release|Any CPU
	EndGlobalSection
	GlobalSection(SolutionProperties) = preSolution
		HideSolutionNode = FALSE
	EndGlobalSection
	GlobalSection(ProjectConfigurationPlatforms) = postSolution
		{0FB85160-17C8-45E0-AE5A-E4D65EA7DF7F}.Debug|Any CPU.ActiveCfg = Debug|Any CPU
		{0FB85160-17C8-45E0-AE5A-E4D65EA7DF7F}.Debug|Any CPU.Build.0 = Debug|Any CPU
		{0FB85160-17C8-45E0-AE5A-E4D65EA7DF7F}.Release|Any CPU.ActiveCfg = Release|Any CPU
		{0FB85160-17C8-45E0-AE5A-E4D65EA7DF7F}.Release|Any CPU.Build.0 = Release|Any CPU
		{F8A75653-3CDE-4586-8FAD-868E24637E7B}.Debug|Any CPU.ActiveCfg = Debug|Any CPU
		{F8A75653-3CDE-4586-8FAD-868E24637E7B}.Debug|Any CPU.Build.0 = Debug|Any CPU
		{F8A75653-3CDE-4586-8FAD-868E24637E7B}.Release|Any CPU.ActiveCfg = Release|Any CPU
		{F8A75653-3CDE-4586-8FAD-868E24637E7B}.Release|Any CPU.Build.0 = Release|Any CPU
	EndGlobalSection
EndGlobal
